
Microsoft Visual Studio Solution File, Format Version 12.00
# Visual Studio 2012
Project("{FAE04EC0-301F-11D3-BF4B-00C04F79EFBC}") = "AppPlatform.UI", "AppPlatform.UI\AppPlatform.UI.csproj", "{0116899C-795F-4A94-8AF4-29D3B5E79537}"
EndProject
Project("{FAE04EC0-301F-11D3-BF4B-00C04F79EFBC}") = "AppPlatform.Model", "AppPlatform.Model\AppPlatform.Model.csproj", "{E23410D3-3039-4828-BA44-7E3658284812}"
EndProject
Project("{FAE04EC0-301F-11D3-BF4B-00C04F79EFBC}") = "AppPlatform.DAL", "AppPlatform.DAL\AppPlatform.DAL.csproj", "{CD97F16B-08C6-41BA-8AC1-377FBC4AC59D}"
EndProject
Project("{2150E333-8FDC-42A3-9474-1A3956D46DE8}") = "业务逻辑层", "业务逻辑层", "{AFCAFBA7-CDDA-4EAD-9335-8893E57FC9B3}"
EndProject
Project("{2150E333-8FDC-42A3-9474-1A3956D46DE8}") = "数据访问层", "数据访问层", "{129FE411-7332-4B59-9C2F-1648533948F6}"
EndProject
Project("{FAE04EC0-301F-11D3-BF4B-00C04F79EFBC}") = "AppPlatform.Log.BLL", "AppPlatform.Log.BLL\AppPlatform.Log.BLL.csproj", "{6B94D5F7-5F5D-4C65-AB57-1921B78EAAF1}"
EndProject
Project("{2150E333-8FDC-42A3-9474-1A3956D46DE8}") = "用户注册登录", "用户注册登录", "{99B0FBDB-E1C7-4F85-B0F8-FBC1C91C00E1}"
EndProject
Project("{FAE04EC0-301F-11D3-BF4B-00C04F79EFBC}") = "AppPlatform.UserRegister.BLL", "AppPlatform.UserRegister.BLL\AppPlatform.UserRegister.BLL.csproj", "{2F37CF57-7F26-4453-B3C2-CA79029B5DA5}"
EndProject
Project("{FAE04EC0-301F-11D3-BF4B-00C04F79EFBC}") = "AppPlatform.UserLogin.BLL", "AppPlatform.UserLogin.BLL\AppPlatform.UserLogin.BLL.csproj", "{13BC9C86-32A8-483E-B39B-9848DCD60E81}"
EndProject
Project("{2150E333-8FDC-42A3-9474-1A3956D46DE8}") = "用户管理", "用户管理", "{E3A47B1C-505C-4F18-A307-0C86EDD18178}"
EndProject
Project("{FAE04EC0-301F-11D3-BF4B-00C04F79EFBC}") = "AppPlatform.UserPermission.BLL", "AppPlatform.UserPermission.BLL\AppPlatform.UserPermission.BLL.csproj", "{1235CC23-9309-4D37-89AD-879D96858665}"
EndProject
Project("{FAE04EC0-301F-11D3-BF4B-00C04F79EFBC}") = "AppPlatform.UserAccount.BLL", "AppPlatform.UserAccount.BLL\AppPlatform.UserAccount.BLL.csproj", "{3A475840-0ADC-43FA-82BA-1E986BDBB68B}"
EndProject
Project("{FAE04EC0-301F-11D3-BF4B-00C04F79EFBC}") = "AppPlatform.UserRole.BLL", "AppPlatform.UserRole.BLL\AppPlatform.UserRole.BLL.csproj", "{A8E5C8D1-1FD7-4EBF-885C-AD42929591A3}"
EndProject
Project("{FAE04EC0-301F-11D3-BF4B-00C04F79EFBC}") = "AppPlatform.UserInformation.BLL", "AppPlatform.UserInformation.BLL\AppPlatform.UserInformation.BLL.csproj", "{5BF082E7-1409-4B5F-A8E2-CC3530EAE2DF}"
EndProject
Project("{FAE04EC0-301F-11D3-BF4B-00C04F79EFBC}") = "AppPlatform.EnterpriseInfo.BLL", "AppPlatform.EnterpriseInfo.BLL\AppPlatform.EnterpriseInfo.BLL.csproj", "{AC743A94-2DC2-4E79-AC8E-17A7D0368989}"
EndProject
Project("{FAE04EC0-301F-11D3-BF4B-00C04F79EFBC}") = "AppPlatForm.EnterpriseOrgan.BLL", "AppPlatForm.EnterpriseOrgan.BLL\AppPlatForm.EnterpriseOrgan.BLL.csproj", "{2246C21B-8EDD-419F-AC0D-CB591E36ABA5}"
EndProject
Project("{2150E333-8FDC-42A3-9474-1A3956D46DE8}") = "应用管理", "应用管理", "{AE354B18-FD20-4B3F-B18C-0ADA3E843A75}"
EndProject
Project("{FAE04EC0-301F-11D3-BF4B-00C04F79EFBC}") = "AppPlatform.AppInfo.BLL", "AppPlatform.AppInfo.BLL\AppPlatform.AppInfo.BLL.csproj", "{7FE1EC0E-0B8F-4F1E-AA00-0726515A2475}"
EndProject
Project("{FAE04EC0-301F-11D3-BF4B-00C04F79EFBC}") = "AppPlatform.AppStore.BLL", "AppPlatform.AppStore.BLL\AppPlatform.AppStore.BLL.csproj", "{C8DF03E6-0D1A-434E-B2DF-6D996DC0EA86}"
EndProject
Project("{FAE04EC0-301F-11D3-BF4B-00C04F79EFBC}") = "AppPlatform.AppRelease.BLL", "AppPlatform.AppRelease.BLL\AppPlatform.AppRelease.BLL.csproj", "{F2019984-8552-4CA6-9762-56D561FBECAB}"
EndProject
Project("{FAE04EC0-301F-11D3-BF4B-00C04F79EFBC}") = "AppPlatform.AppOrder.BLL", "AppPlatform.AppOrder.BLL\AppPlatform.AppOrder.BLL.csproj", "{8EFCD6C5-A7ED-40E0-9EC8-9C7569D48BFE}"
EndProject
Project("{FAE04EC0-301F-11D3-BF4B-00C04F79EFBC}") = "AppPlatform.AppCatalogue.BLL", "AppPlatform.AppCatalogue.BLL\AppPlatform.AppCatalogue.BLL.csproj", "{451879C3-CE0B-41A3-A97E-0F7B9CA93E38}"
EndProject
Global
	GlobalSection(SolutionConfigurationPlatforms) = preSolution
		Debug|Any CPU = Debug|Any CPU
		Release|Any CPU = Release|Any CPU
	EndGlobalSection
	GlobalSection(ProjectConfigurationPlatforms) = postSolution
		{0116899C-795F-4A94-8AF4-29D3B5E79537}.Debug|Any CPU.ActiveCfg = Debug|Any CPU
		{0116899C-795F-4A94-8AF4-29D3B5E79537}.Debug|Any CPU.Build.0 = Debug|Any CPU
		{0116899C-795F-4A94-8AF4-29D3B5E79537}.Release|Any CPU.ActiveCfg = Release|Any CPU
		{0116899C-795F-4A94-8AF4-29D3B5E79537}.Release|Any CPU.Build.0 = Release|Any CPU
		{E23410D3-3039-4828-BA44-7E3658284812}.Debug|Any CPU.ActiveCfg = Debug|Any CPU
		{E23410D3-3039-4828-BA44-7E3658284812}.Debug|Any CPU.Build.0 = Debug|Any CPU
		{E23410D3-3039-4828-BA44-7E3658284812}.Release|Any CPU.ActiveCfg = Release|Any CPU
		{E23410D3-3039-4828-BA44-7E3658284812}.Release|Any CPU.Build.0 = Release|Any CPU
		{CD97F16B-08C6-41BA-8AC1-377FBC4AC59D}.Debug|Any CPU.ActiveCfg = Debug|Any CPU
		{CD97F16B-08C6-41BA-8AC1-377FBC4AC59D}.Debug|Any CPU.Build.0 = Debug|Any CPU
		{CD97F16B-08C6-41BA-8AC1-377FBC4AC59D}.Release|Any CPU.ActiveCfg = Release|Any CPU
		{CD97F16B-08C6-41BA-8AC1-377FBC4AC59D}.Release|Any CPU.Build.0 = Release|Any CPU
		{6B94D5F7-5F5D-4C65-AB57-1921B78EAAF1}.Debug|Any CPU.ActiveCfg = Debug|Any CPU
		{6B94D5F7-5F5D-4C65-AB57-1921B78EAAF1}.Debug|Any CPU.Build.0 = Debug|Any CPU
		{6B94D5F7-5F5D-4C65-AB57-1921B78EAAF1}.Release|Any CPU.ActiveCfg = Release|Any CPU
		{6B94D5F7-5F5D-4C65-AB57-1921B78EAAF1}.Release|Any CPU.Build.0 = Release|Any CPU
		{2F37CF57-7F26-4453-B3C2-CA79029B5DA5}.Debug|Any CPU.ActiveCfg = Debug|Any CPU
		{2F37CF57-7F26-4453-B3C2-CA79029B5DA5}.Debug|Any CPU.Build.0 = Debug|Any CPU
		{2F37CF57-7F26-4453-B3C2-CA79029B5DA5}.Release|Any CPU.ActiveCfg = Release|Any CPU
		{2F37CF57-7F26-4453-B3C2-CA79029B5DA5}.Release|Any CPU.Build.0 = Release|Any CPU
		{13BC9C86-32A8-483E-B39B-9848DCD60E81}.Debug|Any CPU.ActiveCfg = Debug|Any CPU
		{13BC9C86-32A8-483E-B39B-9848DCD60E81}.Debug|Any CPU.Build.0 = Debug|Any CPU
		{13BC9C86-32A8-483E-B39B-9848DCD60E81}.Release|Any CPU.ActiveCfg = Release|Any CPU
		{13BC9C86-32A8-483E-B39B-9848DCD60E81}.Release|Any CPU.Build.0 = Release|Any CPU
		{1235CC23-9309-4D37-89AD-879D96858665}.Debug|Any CPU.ActiveCfg = Debug|Any CPU
		{1235CC23-9309-4D37-89AD-879D96858665}.Debug|Any CPU.Build.0 = Debug|Any CPU
		{1235CC23-9309-4D37-89AD-879D96858665}.Release|Any CPU.ActiveCfg = Release|Any CPU
		{1235CC23-9309-4D37-89AD-879D96858665}.Release|Any CPU.Build.0 = Release|Any CPU
		{3A475840-0ADC-43FA-82BA-1E986BDBB68B}.Debug|Any CPU.ActiveCfg = Debug|Any CPU
		{3A475840-0ADC-43FA-82BA-1E986BDBB68B}.Debug|Any CPU.Build.0 = Debug|Any CPU
		{3A475840-0ADC-43FA-82BA-1E986BDBB68B}.Release|Any CPU.ActiveCfg = Release|Any CPU
		{3A475840-0ADC-43FA-82BA-1E986BDBB68B}.Release|Any CPU.Build.0 = Release|Any CPU
		{A8E5C8D1-1FD7-4EBF-885C-AD42929591A3}.Debug|Any CPU.ActiveCfg = Debug|Any CPU
		{A8E5C8D1-1FD7-4EBF-885C-AD42929591A3}.Debug|Any CPU.Build.0 = Debug|Any CPU
		{A8E5C8D1-1FD7-4EBF-885C-AD42929591A3}.Release|Any CPU.ActiveCfg = Release|Any CPU
		{A8E5C8D1-1FD7-4EBF-885C-AD42929591A3}.Release|Any CPU.Build.0 = Release|Any CPU
		{5BF082E7-1409-4B5F-A8E2-CC3530EAE2DF}.Debug|Any CPU.ActiveCfg = Debug|Any CPU
		{5BF082E7-1409-4B5F-A8E2-CC3530EAE2DF}.Debug|Any CPU.Build.0 = Debug|Any CPU
		{5BF082E7-1409-4B5F-A8E2-CC3530EAE2DF}.Release|Any CPU.ActiveCfg = Release|Any CPU
		{5BF082E7-1409-4B5F-A8E2-CC3530EAE2DF}.Release|Any CPU.Build.0 = Release|Any CPU
		{AC743A94-2DC2-4E79-AC8E-17A7D0368989}.Debug|Any CPU.ActiveCfg = Debug|Any CPU
		{AC743A94-2DC2-4E79-AC8E-17A7D0368989}.Debug|Any CPU.Build.0 = Debug|Any CPU
		{AC743A94-2DC2-4E79-AC8E-17A7D0368989}.Release|Any CPU.ActiveCfg = Release|Any CPU
		{AC743A94-2DC2-4E79-AC8E-17A7D0368989}.Release|Any CPU.Build.0 = Release|Any CPU
		{2246C21B-8EDD-419F-AC0D-CB591E36ABA5}.Debug|Any CPU.ActiveCfg = Debug|Any CPU
		{2246C21B-8EDD-419F-AC0D-CB591E36ABA5}.Debug|Any CPU.Build.0 = Debug|Any CPU
		{2246C21B-8EDD-419F-AC0D-CB591E36ABA5}.Release|Any CPU.ActiveCfg = Release|Any CPU
		{2246C21B-8EDD-419F-AC0D-CB591E36ABA5}.Release|Any CPU.Build.0 = Release|Any CPU
		{7FE1EC0E-0B8F-4F1E-AA00-0726515A2475}.Debug|Any CPU.ActiveCfg = Debug|Any CPU
		{7FE1EC0E-0B8F-4F1E-AA00-0726515A2475}.Debug|Any CPU.Build.0 = Debug|Any CPU
		{7FE1EC0E-0B8F-4F1E-AA00-0726515A2475}.Release|Any CPU.ActiveCfg = Release|Any CPU
		{7FE1EC0E-0B8F-4F1E-AA00-0726515A2475}.Release|Any CPU.Build.0 = Release|Any CPU
		{C8DF03E6-0D1A-434E-B2DF-6D996DC0EA86}.Debug|Any CPU.ActiveCfg = Debug|Any CPU
		{C8DF03E6-0D1A-434E-B2DF-6D996DC0EA86}.Debug|Any CPU.Build.0 = Debug|Any CPU
		{C8DF03E6-0D1A-434E-B2DF-6D996DC0EA86}.Release|Any CPU.ActiveCfg = Release|Any CPU
		{C8DF03E6-0D1A-434E-B2DF-6D996DC0EA86}.Release|Any CPU.Build.0 = Release|Any CPU
		{F2019984-8552-4CA6-9762-56D561FBECAB}.Debug|Any CPU.ActiveCfg = Debug|Any CPU
		{F2019984-8552-4CA6-9762-56D561FBECAB}.Debug|Any CPU.Build.0 = Debug|Any CPU
		{F2019984-8552-4CA6-9762-56D561FBECAB}.Release|Any CPU.ActiveCfg = Release|Any CPU
		{F2019984-8552-4CA6-9762-56D561FBECAB}.Release|Any CPU.Build.0 = Release|Any CPU
		{8EFCD6C5-A7ED-40E0-9EC8-9C7569D48BFE}.Debug|Any CPU.ActiveCfg = Debug|Any CPU
		{8EFCD6C5-A7ED-40E0-9EC8-9C7569D48BFE}.Debug|Any CPU.Build.0 = Debug|Any CPU
		{8EFCD6C5-A7ED-40E0-9EC8-9C7569D48BFE}.Release|Any CPU.ActiveCfg = Release|Any CPU
		{8EFCD6C5-A7ED-40E0-9EC8-9C7569D48BFE}.Release|Any CPU.Build.0 = Release|Any CPU
		{451879C3-CE0B-41A3-A97E-0F7B9CA93E38}.Debug|Any CPU.ActiveCfg = Debug|Any CPU
		{451879C3-CE0B-41A3-A97E-0F7B9CA93E38}.Debug|Any CPU.Build.0 = Debug|Any CPU
		{451879C3-CE0B-41A3-A97E-0F7B9CA93E38}.Release|Any CPU.ActiveCfg = Release|Any CPU
		{451879C3-CE0B-41A3-A97E-0F7B9CA93E38}.Release|Any CPU.Build.0 = Release|Any CPU
	EndGlobalSection
	GlobalSection(SolutionProperties) = preSolution
		HideSolutionNode = FALSE
	EndGlobalSection
	GlobalSection(NestedProjects) = preSolution
		{6B94D5F7-5F5D-4C65-AB57-1921B78EAAF1} = {AFCAFBA7-CDDA-4EAD-9335-8893E57FC9B3}
		{99B0FBDB-E1C7-4F85-B0F8-FBC1C91C00E1} = {AFCAFBA7-CDDA-4EAD-9335-8893E57FC9B3}
		{E3A47B1C-505C-4F18-A307-0C86EDD18178} = {AFCAFBA7-CDDA-4EAD-9335-8893E57FC9B3}
		{AE354B18-FD20-4B3F-B18C-0ADA3E843A75} = {AFCAFBA7-CDDA-4EAD-9335-8893E57FC9B3}
		{CD97F16B-08C6-41BA-8AC1-377FBC4AC59D} = {129FE411-7332-4B59-9C2F-1648533948F6}
		{E23410D3-3039-4828-BA44-7E3658284812} = {129FE411-7332-4B59-9C2F-1648533948F6}
		{2F37CF57-7F26-4453-B3C2-CA79029B5DA5} = {99B0FBDB-E1C7-4F85-B0F8-FBC1C91C00E1}
		{13BC9C86-32A8-483E-B39B-9848DCD60E81} = {99B0FBDB-E1C7-4F85-B0F8-FBC1C91C00E1}
		{1235CC23-9309-4D37-89AD-879D96858665} = {E3A47B1C-505C-4F18-A307-0C86EDD18178}
		{3A475840-0ADC-43FA-82BA-1E986BDBB68B} = {E3A47B1C-505C-4F18-A307-0C86EDD18178}
		{A8E5C8D1-1FD7-4EBF-885C-AD42929591A3} = {E3A47B1C-505C-4F18-A307-0C86EDD18178}
		{5BF082E7-1409-4B5F-A8E2-CC3530EAE2DF} = {E3A47B1C-505C-4F18-A307-0C86EDD18178}
		{AC743A94-2DC2-4E79-AC8E-17A7D0368989} = {E3A47B1C-505C-4F18-A307-0C86EDD18178}
		{2246C21B-8EDD-419F-AC0D-CB591E36ABA5} = {E3A47B1C-505C-4F18-A307-0C86EDD18178}
		{7FE1EC0E-0B8F-4F1E-AA00-0726515A2475} = {AE354B18-FD20-4B3F-B18C-0ADA3E843A75}
		{C8DF03E6-0D1A-434E-B2DF-6D996DC0EA86} = {AE354B18-FD20-4B3F-B18C-0ADA3E843A75}
		{F2019984-8552-4CA6-9762-56D561FBECAB} = {AE354B18-FD20-4B3F-B18C-0ADA3E843A75}
		{8EFCD6C5-A7ED-40E0-9EC8-9C7569D48BFE} = {AE354B18-FD20-4B3F-B18C-0ADA3E843A75}
		{451879C3-CE0B-41A3-A97E-0F7B9CA93E38} = {AE354B18-FD20-4B3F-B18C-0ADA3E843A75}
	EndGlobalSection
EndGlobal
